// !$*UTF8*$!
{
	archiveVersion = 1;
	classes = {
	};
	objectVersion = 55;
	objects = {

/* Begin PBXBuildFile section */
		A2F7238828D04CC8009EA66D /* AppDelegate.swift in Sources */ = {isa = PBXBuildFile; fileRef = A2F7238728D04CC8009EA66D /* AppDelegate.swift */; };
		A2F7238A28D04CC8009EA66D /* SceneDelegate.swift in Sources */ = {isa = PBXBuildFile; fileRef = A2F7238928D04CC8009EA66D /* SceneDelegate.swift */; };
		A2F7238C28D04CC8009EA66D /* SetUpAnimationViewController.swift in Sources */ = {isa = PBXBuildFile; fileRef = A2F7238B28D04CC8009EA66D /* SetUpAnimationViewController.swift */; };
		A2F7238F28D04CC8009EA66D /* SetUpAnimation.storyboard in Resources */ = {isa = PBXBuildFile; fileRef = A2F7238D28D04CC8009EA66D /* SetUpAnimation.storyboard */; };
		A2F7239128D04CC9009EA66D /* Assets.xcassets in Resources */ = {isa = PBXBuildFile; fileRef = A2F7239028D04CC9009EA66D /* Assets.xcassets */; };
		A2F7239428D04CC9009EA66D /* LaunchScreen.storyboard in Resources */ = {isa = PBXBuildFile; fileRef = A2F7239228D04CC9009EA66D /* LaunchScreen.storyboard */; };
		A2F7239F28D04D53009EA66D /* Animation.swift in Sources */ = {isa = PBXBuildFile; fileRef = A2F7239E28D04D53009EA66D /* Animation.swift */; };
		A2F723A328D04E60009EA66D /* SpringAnimation in Frameworks */ = {isa = PBXBuildFile; productRef = A2F723A228D04E60009EA66D /* SpringAnimation */; };
/* End PBXBuildFile section */

/* Begin PBXFileReference section */
		A2F7238428D04CC8009EA66D /* 3.29 HW 1.app */ = {isa = PBXFileReference; explicitFileType = wrapper.application; includeInIndex = 0; path = "3.29 HW 1.app"; sourceTree = BUILT_PRODUCTS_DIR; };
		A2F7238728D04CC8009EA66D /* AppDelegate.swift */ = {isa = PBXFileReference; lastKnownFileType = sourcecode.swift; path = AppDelegate.swift; sourceTree = "<group>"; };
		A2F7238928D04CC8009EA66D /* SceneDelegate.swift */ = {isa = PBXFileReference; lastKnownFileType = sourcecode.swift; path = SceneDelegate.swift; sourceTree = "<group>"; };
		A2F7238B28D04CC8009EA66D /* SetUpAnimationViewController.swift */ = {isa = PBXFileReference; lastKnownFileType = sourcecode.swift; path = SetUpAnimationViewController.swift; sourceTree = "<group>"; };
		A2F7238E28D04CC8009EA66D /* Base */ = {isa = PBXFileReference; lastKnownFileType = file.storyboard; name = Base; path = Base.lproj/SetUpAnimation.storyboard; sourceTree = "<group>"; };
		A2F7239028D04CC9009EA66D /* Assets.xcassets */ = {isa = PBXFileReference; lastKnownFileType = folder.assetcatalog; path = Assets.xcassets; sourceTree = "<group>"; };
		A2F7239328D04CC9009EA66D /* Base */ = {isa = PBXFileReference; lastKnownFileType = file.storyboard; name = Base; path = Base.lproj/LaunchScreen.storyboard; sourceTree = "<group>"; };
		A2F7239528D04CC9009EA66D /* Info.plist */ = {isa = PBXFileReference; lastKnownFileType = text.plist.xml; path = Info.plist; sourceTree = "<group>"; };
		A2F7239E28D04D53009EA66D /* Animation.swift */ = {isa = PBXFileReference; lastKnownFileType = sourcecode.swift; path = Animation.swift; sourceTree = "<group>"; };
/* End PBXFileReference section */

/* Begin PBXFrameworksBuildPhase section */
		A2F7238128D04CC8009EA66D /* Frameworks */ = {
			isa = PBXFrameworksBuildPhase;
			buildActionMask = 2147483647;
			files = (
				A2F723A328D04E60009EA66D /* SpringAnimation in Frameworks */,
			);
			runOnlyForDeploymentPostprocessing = 0;
		};
/* End PBXFrameworksBuildPhase section */

/* Begin PBXGroup section */
		A2F7237B28D04CC8009EA66D = {
			isa = PBXGroup;
			children = (
				A2F7238628D04CC8009EA66D /* 3.29 HW 1 */,
				A2F7238528D04CC8009EA66D /* Products */,
			);
			sourceTree = "<group>";
		};
		A2F7238528D04CC8009EA66D /* Products */ = {
			isa = PBXGroup;
			children = (
				A2F7238428D04CC8009EA66D /* 3.29 HW 1.app */,
			);
			name = Products;
			sourceTree = "<group>";
		};
		A2F7238628D04CC8009EA66D /* 3.29 HW 1 */ = {
			isa = PBXGroup;
			children = (
				A2F723A028D04D5E009EA66D /* Model */,
				A2F7239C28D04CEF009EA66D /* ViewControllers */,
				A2F7239B28D04CDD009EA66D /* Storyboards */,
				A2F7239D28D04D00009EA66D /* SupportFilles */,
				A2F7239028D04CC9009EA66D /* Assets.xcassets */,
				A2F7239528D04CC9009EA66D /* Info.plist */,
			);
			path = "3.29 HW 1";
			sourceTree = "<group>";
		};
		A2F7239B28D04CDD009EA66D /* Storyboards */ = {
			isa = PBXGroup;
			children = (
				A2F7238D28D04CC8009EA66D /* SetUpAnimation.storyboard */,
				A2F7239228D04CC9009EA66D /* LaunchScreen.storyboard */,
			);
			path = Storyboards;
			sourceTree = "<group>";
		};
		A2F7239C28D04CEF009EA66D /* ViewControllers */ = {
			isa = PBXGroup;
			children = (
				A2F7238B28D04CC8009EA66D /* SetUpAnimationViewController.swift */,
			);
			path = ViewControllers;
			sourceTree = "<group>";
		};
		A2F7239D28D04D00009EA66D /* SupportFilles */ = {
			isa = PBXGroup;
			children = (
				A2F7238928D04CC8009EA66D /* SceneDelegate.swift */,
				A2F7238728D04CC8009EA66D /* AppDelegate.swift */,
			);
			path = SupportFilles;
			sourceTree = "<group>";
		};
		A2F723A028D04D5E009EA66D /* Model */ = {
			isa = PBXGroup;
			children = (
				A2F7239E28D04D53009EA66D /* Animation.swift */,
			);
			path = Model;
			sourceTree = "<group>";
		};
/* End PBXGroup section */

/* Begin PBXNativeTarget section */
		A2F7238328D04CC8009EA66D /* 3.29 HW 1 */ = {
			isa = PBXNativeTarget;
			buildConfigurationList = A2F7239828D04CC9009EA66D /* Build configuration list for PBXNativeTarget "3.29 HW 1" */;
			buildPhases = (
				A2F7238028D04CC8009EA66D /* Sources */,
				A2F7238128D04CC8009EA66D /* Frameworks */,
				A2F7238228D04CC8009EA66D /* Resources */,
			);
			buildRules = (
			);
			dependencies = (
			);
			name = "3.29 HW 1";
			packageProductDependencies = (
				A2F723A228D04E60009EA66D /* SpringAnimation */,
			);
			productName = "3.29 HW 1";
			productReference = A2F7238428D04CC8009EA66D /* 3.29 HW 1.app */;
			productType = "com.apple.product-type.application";
		};
/* End PBXNativeTarget section */

/* Begin PBXProject section */
		A2F7237C28D04CC8009EA66D /* Project object */ = {
			isa = PBXProject;
			attributes = {
				BuildIndependentTargetsInParallel = 1;
				LastSwiftUpdateCheck = 1340;
				LastUpgradeCheck = 1340;
				TargetAttributes = {
					A2F7238328D04CC8009EA66D = {
						CreatedOnToolsVersion = 13.4.1;
					};
				};
			};
			buildConfigurationList = A2F7237F28D04CC8009EA66D /* Build configuration list for PBXProject "3.29 HW 1" */;
			compatibilityVersion = "Xcode 13.0";
			developmentRegion = en;
			hasScannedForEncodings = 0;
			knownRegions = (
				en,
				Base,
			);
			mainGroup = A2F7237B28D04CC8009EA66D;
			packageReferences = (
				A2F723A128D04E60009EA66D /* XCRemoteSwiftPackageReference "SpringAnimation" */,
			);
			productRefGroup = A2F7238528D04CC8009EA66D /* Products */;
			projectDirPath = "";
			projectRoot = "";
			targets = (
				A2F7238328D04CC8009EA66D /* 3.29 HW 1 */,
			);
		};
/* End PBXProject section */

/* Begin PBXResourcesBuildPhase section */
		A2F7238228D04CC8009EA66D /* Resources */ = {
			isa = PBXResourcesBuildPhase;
			buildActionMask = 2147483647;
			files = (
				A2F7239428D04CC9009EA66D /* LaunchScreen.storyboard in Resources */,
				A2F7239128D04CC9009EA66D /* Assets.xcassets in Resources */,
				A2F7238F28D04CC8009EA66D /* SetUpAnimation.storyboard in Resources */,
			);
			runOnlyForDeploymentPostprocessing = 0;
		};
/* End PBXResourcesBuildPhase section */

/* Begin PBXSourcesBuildPhase section */
		A2F7238028D04CC8009EA66D /* Sources */ = {
			isa = PBXSourcesBuildPhase;
			buildActionMask = 2147483647;
			files = (
				A2F7238C28D04CC8009EA66D /* SetUpAnimationViewController.swift in Sources */,
				A2F7238828D04CC8009EA66D /* AppDelegate.swift in Sources */,
				A2F7238A28D04CC8009EA66D /* SceneDelegate.swift in Sources */,
				A2F7239F28D04D53009EA66D /* Animation.swift in Sources */,
			);
			runOnlyForDeploymentPostprocessing = 0;
		};
/* End PBXSourcesBuildPhase section */

/* Begin PBXVariantGroup section */
		A2F7238D28D04CC8009EA66D /* SetUpAnimation.storyboard */ = {
			isa = PBXVariantGroup;
			children = (
				A2F7238E28D04CC8009EA66D /* Base */,
			);
			name = SetUpAnimation.storyboard;
			sourceTree = "<group>";
		};
		A2F7239228D04CC9009EA66D /* LaunchScreen.storyboard */ = {
			isa = PBXVariantGroup;
			children = (
				A2F7239328D04CC9009EA66D /* Base */,
			);
			name = LaunchScreen.storyboard;
			sourceTree = "<group>";
		};
/* End PBXVariantGroup section */

/* Begin XCBuildConfiguration section */
		A2F7239628D04CC9009EA66D /* Debug */ = {
			isa = XCBuildConfiguration;
			buildSettings = {
				ALWAYS_SEARCH_USER_PATHS = NO;
				CLANG_ANALYZER_NONNULL = YES;
				CLANG_ANALYZER_NUMBER_OBJECT_CONVERSION = YES_AGGRESSIVE;
				CLANG_CXX_LANGUAGE_STANDARD = "gnu++17";
				CLANG_ENABLE_MODULES = YES;
				CLANG_ENABLE_OBJC_ARC = YES;
				CLANG_ENABLE_OBJC_WEAK = YES;
				CLANG_WARN_BLOCK_CAPTURE_AUTORELEASING = YES;
				CLANG_WARN_BOOL_CONVERSION = YES;
				CLANG_WARN_COMMA = YES;
				CLANG_WARN_CONSTANT_CONVERSION = YES;
				CLANG_WARN_DEPRECATED_OBJC_IMPLEMENTATIONS = YES;
				CLANG_WARN_DIRECT_OBJC_ISA_USAGE = YES_ERROR;
				CLANG_WARN_DOCUMENTATION_COMMENTS = YES;
				CLANG_WARN_EMPTY_BODY = YES;
				CLANG_WARN_ENUM_CONVERSION = YES;
				CLANG_WARN_INFINITE_RECURSION = YES;
				CLANG_WARN_INT_CONVERSION = YES;
				CLANG_WARN_NON_LITERAL_NULL_CONVERSION = YES;
				CLANG_WARN_OBJC_IMPLICIT_RETAIN_SELF = YES;
				CLANG_WARN_OBJC_LITERAL_CONVERSION = YES;
				CLANG_WARN_OBJC_ROOT_CLASS = YES_ERROR;
				CLANG_WARN_QUOTED_INCLUDE_IN_FRAMEWORK_HEADER = YES;
				CLANG_WARN_RANGE_LOOP_ANALYSIS = YES;
				CLANG_WARN_STRICT_PROTOTYPES = YES;
				CLANG_WARN_SUSPICIOUS_MOVE = YES;
				CLANG_WARN_UNGUARDED_AVAILABILITY = YES_AGGRESSIVE;
				CLANG_WARN_UNREACHABLE_CODE = YES;
				CLANG_WARN__DUPLICATE_METHOD_MATCH = YES;
				COPY_PHASE_STRIP = NO;
				DEBUG_INFORMATION_FORMAT = dwarf;
				ENABLE_STRICT_OBJC_MSGSEND = YES;
				ENABLE_TESTABILITY = YES;
				GCC_C_LANGUAGE_STANDARD = gnu11;
				GCC_DYNAMIC_NO_PIC = NO;
				GCC_NO_COMMON_BLOCKS = YES;
				GCC_OPTIMIZATION_LEVEL = 0;
				GCC_PREPROCESSOR_DEFINITIONS = (
					"DEBUG=1",
					"$(inherited)",
				);
				GCC_WARN_64_TO_32_BIT_CONVERSION = YES;
				GCC_WARN_ABOUT_RETURN_TYPE = YES_ERROR;
				GCC_WARN_UNDECLARED_SELECTOR = YES;
				GCC_WARN_UNINITIALIZED_AUTOS = YES_AGGRESSIVE;
				GCC_WARN_UNUSED_FUNCTION = YES;
				GCC_WARN_UNUSED_VARIABLE = YES;
				IPHONEOS_DEPLOYMENT_TARGET = 15.5;
				MTL_ENABLE_DEBUG_INFO = INCLUDE_SOURCE;
				MTL_FAST_MATH = YES;
				ONLY_ACTIVE_ARCH = YES;
				SDKROOT = iphoneos;
				SWIFT_ACTIVE_COMPILATION_CONDITIONS = DEBUG;
				SWIFT_OPTIMIZATION_LEVEL = "-Onone";
			};
			name = Debug;
		};
		A2F7239728D04CC9009EA66D /* Release */ = {
			isa = XCBuildConfiguration;
			buildSettings = {
				ALWAYS_SEARCH_USER_PATHS = NO;
				CLANG_ANALYZER_NONNULL = YES;
				CLANG_ANALYZER_NUMBER_OBJECT_CONVERSION = YES_AGGRESSIVE;
				CLANG_CXX_LANGUAGE_STANDARD = "gnu++17";
				CLANG_ENABLE_MODULES = YES;
				CLANG_ENABLE_OBJC_ARC = YES;
				CLANG_ENABLE_OBJC_WEAK = YES;
				CLANG_WARN_BLOCK_CAPTURE_AUTORELEASING = YES;
				CLANG_WARN_BOOL_CONVERSION = YES;
				CLANG_WARN_COMMA = YES;
				CLANG_WARN_CONSTANT_CONVERSION = YES;
				CLANG_WARN_DEPRECATED_OBJC_IMPLEMENTATIONS = YES;
				CLANG_WARN_DIRECT_OBJC_ISA_USAGE = YES_ERROR;
				CLANG_WARN_DOCUMENTATION_COMMENTS = YES;
				CLANG_WARN_EMPTY_BODY = YES;
				CLANG_WARN_ENUM_CONVERSION = YES;
				CLANG_WARN_INFINITE_RECURSION = YES;
				CLANG_WARN_INT_CONVERSION = YES;
				CLANG_WARN_NON_LITERAL_NULL_CONVERSION = YES;
				CLANG_WARN_OBJC_IMPLICIT_RETAIN_SELF = YES;
				CLANG_WARN_OBJC_LITERAL_CONVERSION = YES;
				CLANG_WARN_OBJC_ROOT_CLASS = YES_ERROR;
				CLANG_WARN_QUOTED_INCLUDE_IN_FRAMEWORK_HEADER = YES;
				CLANG_WARN_RANGE_LOOP_ANALYSIS = YES;
				CLANG_WARN_STRICT_PROTOTYPES = YES;
				CLANG_WARN_SUSPICIOUS_MOVE = YES;
				CLANG_WARN_UNGUARDED_AVAILABILITY = YES_AGGRESSIVE;
				CLANG_WARN_UNREACHABLE_CODE = YES;
				CLANG_WARN__DUPLICATE_METHOD_MATCH = YES;
				COPY_PHASE_STRIP = NO;
				DEBUG_INFORMATION_FORMAT = "dwarf-with-dsym";
				ENABLE_NS_ASSERTIONS = NO;
				ENABLE_STRICT_OBJC_MSGSEND = YES;
				GCC_C_LANGUAGE_STANDARD = gnu11;
				GCC_NO_COMMON_BLOCKS = YES;
				GCC_WARN_64_TO_32_BIT_CONVERSION = YES;
				GCC_WARN_ABOUT_RETURN_TYPE = YES_ERROR;
				GCC_WARN_UNDECLARED_SELECTOR = YES;
				GCC_WARN_UNINITIALIZED_AUTOS = YES_AGGRESSIVE;
				GCC_WARN_UNUSED_FUNCTION = YES;
				GCC_WARN_UNUSED_VARIABLE = YES;
				IPHONEOS_DEPLOYMENT_TARGET = 15.5;
				MTL_ENABLE_DEBUG_INFO = NO;
				MTL_FAST_MATH = YES;
				SDKROOT = iphoneos;
				SWIFT_COMPILATION_MODE = wholemodule;
				SWIFT_OPTIMIZATION_LEVEL = "-O";
				VALIDATE_PRODUCT = YES;
			};
			name = Release;
		};
		A2F7239928D04CC9009EA66D /* Debug */ = {
			isa = XCBuildConfiguration;
			buildSettings = {
				ASSETCATALOG_COMPILER_APPICON_NAME = AppIcon;
				ASSETCATALOG_COMPILER_GLOBAL_ACCENT_COLOR_NAME = AccentColor;
				CODE_SIGN_STYLE = Automatic;
				CURRENT_PROJECT_VERSION = 1;
				GENERATE_INFOPLIST_FILE = YES;
				INFOPLIST_FILE = "3.29 HW 1/Info.plist";
				INFOPLIST_KEY_UIApplicationSupportsIndirectInputEvents = YES;
				INFOPLIST_KEY_UILaunchStoryboardName = LaunchScreen;
				INFOPLIST_KEY_UIMainStoryboardFile = SetUpAnimation;
				INFOPLIST_KEY_UISupportedInterfaceOrientations_iPad = "UIInterfaceOrientationPortrait UIInterfaceOrientationPortraitUpsideDown UIInterfaceOrientationLandscapeLeft UIInterfaceOrientationLandscapeRight";
				INFOPLIST_KEY_UISupportedInterfaceOrientations_iPhone = "UIInterfaceOrientationPortrait UIInterfaceOrientationLandscapeLeft UIInterfaceOrientationLandscapeRight";
				LD_RUNPATH_SEARCH_PATHS = (
					"$(inherited)",
					"@executable_path/Frameworks",
				);
				MARKETING_VERSION = 1.0;
				PRODUCT_BUNDLE_IDENTIFIER = "ru.ssemtik.--29-HW-1";
				PRODUCT_NAME = "$(TARGET_NAME)";
				SWIFT_EMIT_LOC_STRINGS = YES;
				SWIFT_VERSION = 5.0;
				TARGETED_DEVICE_FAMILY = "1,2";
			};
			name = Debug;
		};
		A2F7239A28D04CC9009EA66D /* Release */ = {
			isa = XCBuildConfiguration;
			buildSettings = {
				ASSETCATALOG_COMPILER_APPICON_NAME = AppIcon;
				ASSETCATALOG_COMPILER_GLOBAL_ACCENT_COLOR_NAME = AccentColor;
				CODE_SIGN_STYLE = Automatic;
				CURRENT_PROJECT_VERSION = 1;
				GENERATE_INFOPLIST_FILE = YES;
				INFOPLIST_FILE = "3.29 HW 1/Info.plist";
				INFOPLIST_KEY_UIApplicationSupportsIndirectInputEvents = YES;
				INFOPLIST_KEY_UILaunchStoryboardName = LaunchScreen;
				INFOPLIST_KEY_UIMainStoryboardFile = SetUpAnimation;
				INFOPLIST_KEY_UISupportedInterfaceOrientations_iPad = "UIInterfaceOrientationPortrait UIInterfaceOrientationPortraitUpsideDown UIInterfaceOrientationLandscapeLeft UIInterfaceOrientationLandscapeRight";
				INFOPLIST_KEY_UISupportedInterfaceOrientations_iPhone = "UIInterfaceOrientationPortrait UIInterfaceOrientationLandscapeLeft UIInterfaceOrientationLandscapeRight";
				LD_RUNPATH_SEARCH_PATHS = (
					"$(inherited)",
					"@executable_path/Frameworks",
				);
				MARKETING_VERSION = 1.0;
				PRODUCT_BUNDLE_IDENTIFIER = "ru.ssemtik.--29-HW-1";
				PRODUCT_NAME = "$(TARGET_NAME)";
				SWIFT_EMIT_LOC_STRINGS = YES;
				SWIFT_VERSION = 5.0;
				TARGETED_DEVICE_FAMILY = "1,2";
			};
			name = Release;
		};
/* End XCBuildConfiguration section */

/* Begin XCConfigurationList section */
		A2F7237F28D04CC8009EA66D /* Build configuration list for PBXProject "3.29 HW 1" */ = {
			isa = XCConfigurationList;
			buildConfigurations = (
				A2F7239628D04CC9009EA66D /* Debug */,
				A2F7239728D04CC9009EA66D /* Release */,
			);
			defaultConfigurationIsVisible = 0;
			defaultConfigurationName = Release;
		};
		A2F7239828D04CC9009EA66D /* Build configuration list for PBXNativeTarget "3.29 HW 1" */ = {
			isa = XCConfigurationList;
			buildConfigurations = (
				A2F7239928D04CC9009EA66D /* Debug */,
				A2F7239A28D04CC9009EA66D /* Release */,
			);
			defaultConfigurationIsVisible = 0;
			defaultConfigurationName = Release;
		};
/* End XCConfigurationList section */

/* Begin XCRemoteSwiftPackageReference section */
		A2F723A128D04E60009EA66D /* XCRemoteSwiftPackageReference "SpringAnimation" */ = {
			isa = XCRemoteSwiftPackageReference;
			repositoryURL = "https://github.com/LexDeBash/SpringAnimation";
			requirement = {
				branch = main;
				kind = branch;
			};
		};
/* End XCRemoteSwiftPackageReference section */

/* Begin XCSwiftPackageProductDependency section */
		A2F723A228D04E60009EA66D /* SpringAnimation */ = {
			isa = XCSwiftPackageProductDependency;
			package = A2F723A128D04E60009EA66D /* XCRemoteSwiftPackageReference "SpringAnimation" */;
			productName = SpringAnimation;
		};
/* End XCSwiftPackageProductDependency section */
	};
	rootObject = A2F7237C28D04CC8009EA66D /* Project object */;
}
